
Microsoft Visual Studio Solution File, Format Version 12.00
# Visual Studio Version 16
VisualStudioVersion = 16.0.32510.428
MinimumVisualStudioVersion = 10.0.40219.1
Project("{FAE04EC0-301F-11D3-BF4B-00C04F79EFBC}") = "KonsolPhonebook", "KonsolPhonebook.csproj", "{E887CE0E-4489-4822-98A8-A6164CA0AB45}"
EndProject
Global
	GlobalSection(SolutionConfigurationPlatforms) = preSolution
		Debug|Any CPU = Debug|Any CPU
		Release|Any CPU = Release|Any CPU
	EndGlobalSection
	GlobalSection(ProjectConfigurationPlatforms) = postSolution
		{E887CE0E-4489-4822-98A8-A6164CA0AB45}.Debug|Any CPU.ActiveCfg = Debug|Any CPU
		{E887CE0E-4489-4822-98A8-A6164CA0AB45}.Debug|Any CPU.Build.0 = Debug|Any CPU
		{E887CE0E-4489-4822-98A8-A6164CA0AB45}.Release|Any CPU.ActiveCfg = Release|Any CPU
		{E887CE0E-4489-4822-98A8-A6164CA0AB45}.Release|Any CPU.Build.0 = Release|Any CPU
	EndGlobalSection
	GlobalSection(SolutionProperties) = preSolution
		HideSolutionNode = FALSE
	EndGlobalSection
	GlobalSection(ExtensibilityGlobals) = postSolution
		SolutionGuid = {3EC2EB74-C845-485C-B308-B12C65C8C83E}
	EndGlobalSection
EndGlobal
